
Microsoft Visual Studio Solution File, Format Version 12.00
# Visual Studio Version 17
VisualStudioVersion = 17.14.36811.4
MinimumVisualStudioVersion = 10.0.40219.1
Project("{FAE04EC0-301F-11D3-BF4B-00C04F79EFBC}") = "SalterWebApi", "SalterWebApi.csproj", "{1984F255-8CE3-4A0D-9940-CD5B7F4281F2}"
EndProject
Project("{FAE04EC0-301F-11D3-BF4B-00C04F79EFBC}") = "ForumRepositoryHelper", "..\ForumRepositoryHelper\ForumRepositoryHelper.csproj", "{31542203-7C14-44F9-8D65-93EB9B36C6D7}"
EndProject
Project("{FAE04EC0-301F-11D3-BF4B-00C04F79EFBC}") = "SalterEFModels", "..\SalterEFModels\SalterEFModels.csproj", "{30BCA3FB-9D13-4256-BB6B-959D94B0B4B5}"
EndProject
Project("{FAE04EC0-301F-11D3-BF4B-00C04F79EFBC}") = "ForumServiceHelper", "..\ForumServiceHelper\ForumServiceHelper.csproj", "{FAC2BC90-473D-482A-A22D-B9DAE86A81A8}"
EndProject
Global
	GlobalSection(SolutionConfigurationPlatforms) = preSolution
		Debug|Any CPU = Debug|Any CPU
		Release|Any CPU = Release|Any CPU
	EndGlobalSection
	GlobalSection(ProjectConfigurationPlatforms) = postSolution
		{1984F255-8CE3-4A0D-9940-CD5B7F4281F2}.Debug|Any CPU.ActiveCfg = Debug|Any CPU
		{1984F255-8CE3-4A0D-9940-CD5B7F4281F2}.Debug|Any CPU.Build.0 = Debug|Any CPU
		{1984F255-8CE3-4A0D-9940-CD5B7F4281F2}.Release|Any CPU.ActiveCfg = Release|Any CPU
		{1984F255-8CE3-4A0D-9940-CD5B7F4281F2}.Release|Any CPU.Build.0 = Release|Any CPU
		{31542203-7C14-44F9-8D65-93EB9B36C6D7}.Debug|Any CPU.ActiveCfg = Debug|Any CPU
		{31542203-7C14-44F9-8D65-93EB9B36C6D7}.Debug|Any CPU.Build.0 = Debug|Any CPU
		{31542203-7C14-44F9-8D65-93EB9B36C6D7}.Release|Any CPU.ActiveCfg = Release|Any CPU
		{31542203-7C14-44F9-8D65-93EB9B36C6D7}.Release|Any CPU.Build.0 = Release|Any CPU
		{30BCA3FB-9D13-4256-BB6B-959D94B0B4B5}.Debug|Any CPU.ActiveCfg = Debug|Any CPU
		{30BCA3FB-9D13-4256-BB6B-959D94B0B4B5}.Debug|Any CPU.Build.0 = Debug|Any CPU
		{30BCA3FB-9D13-4256-BB6B-959D94B0B4B5}.Release|Any CPU.ActiveCfg = Release|Any CPU
		{30BCA3FB-9D13-4256-BB6B-959D94B0B4B5}.Release|Any CPU.Build.0 = Release|Any CPU
		{FAC2BC90-473D-482A-A22D-B9DAE86A81A8}.Debug|Any CPU.ActiveCfg = Debug|Any CPU
		{FAC2BC90-473D-482A-A22D-B9DAE86A81A8}.Debug|Any CPU.Build.0 = Debug|Any CPU
		{FAC2BC90-473D-482A-A22D-B9DAE86A81A8}.Release|Any CPU.ActiveCfg = Release|Any CPU
		{FAC2BC90-473D-482A-A22D-B9DAE86A81A8}.Release|Any CPU.Build.0 = Release|Any CPU
	EndGlobalSection
	GlobalSection(SolutionProperties) = preSolution
		HideSolutionNode = FALSE
	EndGlobalSection
	GlobalSection(ExtensibilityGlobals) = postSolution
		SolutionGuid = {8A4A4F9F-F969-4971-B7AD-9F400A042F8A}
	EndGlobalSection
EndGlobal
