
Microsoft Visual Studio Solution File, Format Version 12.00
# Visual Studio Version 17
VisualStudioVersion = 17.14.36811.4
MinimumVisualStudioVersion = 10.0.40219.1
Project("{FAE04EC0-301F-11D3-BF4B-00C04F79EFBC}") = "SalterEFModels", "SalterEFModels\SalterEFModels.csproj", "{BC338824-9B35-948A-DD78-B5008D072E2F}"
EndProject
Project("{FAE04EC0-301F-11D3-BF4B-00C04F79EFBC}") = "ForumServiceHelper", "ForumServiceHelper\ForumServiceHelper.csproj", "{E3AE0211-0DEC-0F6B-2FB1-FC4EAC17A772}"
EndProject
Project("{FAE04EC0-301F-11D3-BF4B-00C04F79EFBC}") = "ForumRepositoryHelper", "ForumRepositoryHelper\ForumRepositoryHelper.csproj", "{D73EA58C-18B4-7D65-98A5-6F187F680A28}"
EndProject
Project("{FAE04EC0-301F-11D3-BF4B-00C04F79EFBC}") = "SalterWebApi", "SalterWebApi\SalterWebApi.csproj", "{025832E1-E9E2-0193-06FA-90BBA15C4F7D}"
EndProject
Project("{FAE04EC0-301F-11D3-BF4B-00C04F79EFBC}") = "HomeRepositoryHelper", "Home\HomeRepositoryHelper.csproj", "{20CAA6C9-E57E-4BDE-8E65-6E108C55E89C}"
EndProject
Project("{FAE04EC0-301F-11D3-BF4B-00C04F79EFBC}") = "HomeServiceHelper", "Home2\HomeServiceHelper.csproj", "{352C1C0F-1F3D-47DC-836E-FB1A02E889CE}"
EndProject
Global
	GlobalSection(SolutionConfigurationPlatforms) = preSolution
		Debug|Any CPU = Debug|Any CPU
		Release|Any CPU = Release|Any CPU
	EndGlobalSection
	GlobalSection(ProjectConfigurationPlatforms) = postSolution
		{BC338824-9B35-948A-DD78-B5008D072E2F}.Debug|Any CPU.ActiveCfg = Debug|Any CPU
		{BC338824-9B35-948A-DD78-B5008D072E2F}.Debug|Any CPU.Build.0 = Debug|Any CPU
		{BC338824-9B35-948A-DD78-B5008D072E2F}.Release|Any CPU.ActiveCfg = Release|Any CPU
		{BC338824-9B35-948A-DD78-B5008D072E2F}.Release|Any CPU.Build.0 = Release|Any CPU
		{E3AE0211-0DEC-0F6B-2FB1-FC4EAC17A772}.Debug|Any CPU.ActiveCfg = Debug|Any CPU
		{E3AE0211-0DEC-0F6B-2FB1-FC4EAC17A772}.Debug|Any CPU.Build.0 = Debug|Any CPU
		{E3AE0211-0DEC-0F6B-2FB1-FC4EAC17A772}.Release|Any CPU.ActiveCfg = Release|Any CPU
		{E3AE0211-0DEC-0F6B-2FB1-FC4EAC17A772}.Release|Any CPU.Build.0 = Release|Any CPU
		{D73EA58C-18B4-7D65-98A5-6F187F680A28}.Debug|Any CPU.ActiveCfg = Debug|Any CPU
		{D73EA58C-18B4-7D65-98A5-6F187F680A28}.Debug|Any CPU.Build.0 = Debug|Any CPU
		{D73EA58C-18B4-7D65-98A5-6F187F680A28}.Release|Any CPU.ActiveCfg = Release|Any CPU
		{D73EA58C-18B4-7D65-98A5-6F187F680A28}.Release|Any CPU.Build.0 = Release|Any CPU
		{025832E1-E9E2-0193-06FA-90BBA15C4F7D}.Debug|Any CPU.ActiveCfg = Debug|Any CPU
		{025832E1-E9E2-0193-06FA-90BBA15C4F7D}.Debug|Any CPU.Build.0 = Debug|Any CPU
		{025832E1-E9E2-0193-06FA-90BBA15C4F7D}.Release|Any CPU.ActiveCfg = Release|Any CPU
		{025832E1-E9E2-0193-06FA-90BBA15C4F7D}.Release|Any CPU.Build.0 = Release|Any CPU
		{20CAA6C9-E57E-4BDE-8E65-6E108C55E89C}.Debug|Any CPU.ActiveCfg = Debug|Any CPU
		{20CAA6C9-E57E-4BDE-8E65-6E108C55E89C}.Debug|Any CPU.Build.0 = Debug|Any CPU
		{20CAA6C9-E57E-4BDE-8E65-6E108C55E89C}.Release|Any CPU.ActiveCfg = Release|Any CPU
		{20CAA6C9-E57E-4BDE-8E65-6E108C55E89C}.Release|Any CPU.Build.0 = Release|Any CPU
		{352C1C0F-1F3D-47DC-836E-FB1A02E889CE}.Debug|Any CPU.ActiveCfg = Debug|Any CPU
		{352C1C0F-1F3D-47DC-836E-FB1A02E889CE}.Debug|Any CPU.Build.0 = Debug|Any CPU
		{352C1C0F-1F3D-47DC-836E-FB1A02E889CE}.Release|Any CPU.ActiveCfg = Release|Any CPU
		{352C1C0F-1F3D-47DC-836E-FB1A02E889CE}.Release|Any CPU.Build.0 = Release|Any CPU
	EndGlobalSection
	GlobalSection(SolutionProperties) = preSolution
		HideSolutionNode = FALSE
	EndGlobalSection
	GlobalSection(ExtensibilityGlobals) = postSolution
		SolutionGuid = {8A4A4F9F-F969-4971-B7AD-9F400A042F8A}
	EndGlobalSection
EndGlobal
